
Microsoft Visual Studio Solution File, Format Version 12.00
# Visual Studio Version 17
VisualStudioVersion = 17.7.34221.43
MinimumVisualStudioVersion = 10.0.40219.1
Project("{9A19103F-16F7-4668-BE54-9A1E7A4F7556}") = "API_TravelRequest", "API_TravelRequest.csproj", "{3A8468FC-E25F-4CCD-9839-78D341CF38FD}"
EndProject
Project("{9A19103F-16F7-4668-BE54-9A1E7A4F7556}") = "ClassLiabrary_API_TravelRequest", "..\ClassLiabrary_API_TravelRequest\ClassLiabrary_API_TravelRequest.csproj", "{AF3125E0-F994-4303-B82E-14582C40B1FA}"
EndProject
Project("{FAE04EC0-301F-11D3-BF4B-00C04F79EFBC}") = "TravelRequest_Testing", "..\TravelRequest_Testing\TravelRequest_Testing.csproj", "{4FBC9B10-5C6E-49A6-A779-CBBC8CBDD857}"
EndProject
Global
	GlobalSection(SolutionConfigurationPlatforms) = preSolution
		Debug|Any CPU = Debug|Any CPU
		Release|Any CPU = Release|Any CPU
	EndGlobalSection
	GlobalSection(ProjectConfigurationPlatforms) = postSolution
		{3A8468FC-E25F-4CCD-9839-78D341CF38FD}.Debug|Any CPU.ActiveCfg = Debug|Any CPU
		{3A8468FC-E25F-4CCD-9839-78D341CF38FD}.Debug|Any CPU.Build.0 = Debug|Any CPU
		{3A8468FC-E25F-4CCD-9839-78D341CF38FD}.Release|Any CPU.ActiveCfg = Release|Any CPU
		{3A8468FC-E25F-4CCD-9839-78D341CF38FD}.Release|Any CPU.Build.0 = Release|Any CPU
		{AF3125E0-F994-4303-B82E-14582C40B1FA}.Debug|Any CPU.ActiveCfg = Debug|Any CPU
		{AF3125E0-F994-4303-B82E-14582C40B1FA}.Debug|Any CPU.Build.0 = Debug|Any CPU
		{AF3125E0-F994-4303-B82E-14582C40B1FA}.Release|Any CPU.ActiveCfg = Release|Any CPU
		{AF3125E0-F994-4303-B82E-14582C40B1FA}.Release|Any CPU.Build.0 = Release|Any CPU
		{4FBC9B10-5C6E-49A6-A779-CBBC8CBDD857}.Debug|Any CPU.ActiveCfg = Debug|Any CPU
		{4FBC9B10-5C6E-49A6-A779-CBBC8CBDD857}.Debug|Any CPU.Build.0 = Debug|Any CPU
		{4FBC9B10-5C6E-49A6-A779-CBBC8CBDD857}.Release|Any CPU.ActiveCfg = Release|Any CPU
		{4FBC9B10-5C6E-49A6-A779-CBBC8CBDD857}.Release|Any CPU.Build.0 = Release|Any CPU
	EndGlobalSection
	GlobalSection(SolutionProperties) = preSolution
		HideSolutionNode = FALSE
	EndGlobalSection
	GlobalSection(ExtensibilityGlobals) = postSolution
		SolutionGuid = {1331448E-F9F1-4E3C-8B7F-BEB912F57C91}
	EndGlobalSection
EndGlobal
